// !$*UTF8*$!
{
	archiveVersion = 1;
	classes = {
	};
	objectVersion = 46;
	objects = {

/* Begin PBXBuildFile section */
		181549EE1F7369F90059E9F8 /* CNJJokeManagedObject+CoreDataClass.swift in Sources */ = {isa = PBXBuildFile; fileRef = 181549EC1F7369F90059E9F8 /* CNJJokeManagedObject+CoreDataClass.swift */; };
		181549EF1F7369F90059E9F8 /* CNJJokeManagedObject+CoreDataProperties.swift in Sources */ = {isa = PBXBuildFile; fileRef = 181549ED1F7369F90059E9F8 /* CNJJokeManagedObject+CoreDataProperties.swift */; };
		181549F11F737B5E0059E9F8 /* CNJJokeDetailViewController.swift in Sources */ = {isa = PBXBuildFile; fileRef = 181549F01F737B5E0059E9F8 /* CNJJokeDetailViewController.swift */; };
		18B0583F1F6FB4F100D3E306 /* AppDelegate.swift in Sources */ = {isa = PBXBuildFile; fileRef = 18B0583E1F6FB4F100D3E306 /* AppDelegate.swift */; };
		18B058441F6FB4F100D3E306 /* Main.storyboard in Resources */ = {isa = PBXBuildFile; fileRef = 18B058421F6FB4F100D3E306 /* Main.storyboard */; };
		18B058471F6FB4F100D3E306 /* ChuckNorrisJokes.xcdatamodeld in Sources */ = {isa = PBXBuildFile; fileRef = 18B058451F6FB4F100D3E306 /* ChuckNorrisJokes.xcdatamodeld */; };
		18B058491F6FB4F100D3E306 /* Assets.xcassets in Resources */ = {isa = PBXBuildFile; fileRef = 18B058481F6FB4F100D3E306 /* Assets.xcassets */; };
		18B0584C1F6FB4F100D3E306 /* LaunchScreen.storyboard in Resources */ = {isa = PBXBuildFile; fileRef = 18B0584A1F6FB4F100D3E306 /* LaunchScreen.storyboard */; };
		18B058571F6FB4F100D3E306 /* ChuckNorrisJokesTests.swift in Sources */ = {isa = PBXBuildFile; fileRef = 18B058561F6FB4F100D3E306 /* ChuckNorrisJokesTests.swift */; };
		18B058621F6FB4F100D3E306 /* ChuckNorrisJokesUITests.swift in Sources */ = {isa = PBXBuildFile; fileRef = 18B058611F6FB4F100D3E306 /* ChuckNorrisJokesUITests.swift */; };
		18B058741F6FB75A00D3E306 /* CNJJokeTableViewCell.swift in Sources */ = {isa = PBXBuildFile; fileRef = 18B058731F6FB75A00D3E306 /* CNJJokeTableViewCell.swift */; };
		18B058761F6FB78700D3E306 /* CNJJokeTableViewController.swift in Sources */ = {isa = PBXBuildFile; fileRef = 18B058751F6FB78700D3E306 /* CNJJokeTableViewController.swift */; };
		18C05BF51F74DBB8009804CF /* CNJJokeCreateViewController.swift in Sources */ = {isa = PBXBuildFile; fileRef = 18C05BF41F74DBB8009804CF /* CNJJokeCreateViewController.swift */; };
/* End PBXBuildFile section */

/* Begin PBXContainerItemProxy section */
		18B058531F6FB4F100D3E306 /* PBXContainerItemProxy */ = {
			isa = PBXContainerItemProxy;
			containerPortal = 18B058331F6FB4F100D3E306 /* Project object */;
			proxyType = 1;
			remoteGlobalIDString = 18B0583A1F6FB4F100D3E306;
			remoteInfo = ChuckNorrisJokes;
		};
		18B0585E1F6FB4F100D3E306 /* PBXContainerItemProxy */ = {
			isa = PBXContainerItemProxy;
			containerPortal = 18B058331F6FB4F100D3E306 /* Project object */;
			proxyType = 1;
			remoteGlobalIDString = 18B0583A1F6FB4F100D3E306;
			remoteInfo = ChuckNorrisJokes;
		};
/* End PBXContainerItemProxy section */

/* Begin PBXFileReference section */
		181549EC1F7369F90059E9F8 /* CNJJokeManagedObject+CoreDataClass.swift */ = {isa = PBXFileReference; lastKnownFileType = sourcecode.swift; path = "CNJJokeManagedObject+CoreDataClass.swift"; sourceTree = "<group>"; };
		181549ED1F7369F90059E9F8 /* CNJJokeManagedObject+CoreDataProperties.swift */ = {isa = PBXFileReference; lastKnownFileType = sourcecode.swift; path = "CNJJokeManagedObject+CoreDataProperties.swift"; sourceTree = "<group>"; };
		181549F01F737B5E0059E9F8 /* CNJJokeDetailViewController.swift */ = {isa = PBXFileReference; lastKnownFileType = sourcecode.swift; path = CNJJokeDetailViewController.swift; sourceTree = "<group>"; };
		18B0583B1F6FB4F100D3E306 /* ChuckNorrisJokes.app */ = {isa = PBXFileReference; explicitFileType = wrapper.application; includeInIndex = 0; path = ChuckNorrisJokes.app; sourceTree = BUILT_PRODUCTS_DIR; };
		18B0583E1F6FB4F100D3E306 /* AppDelegate.swift */ = {isa = PBXFileReference; lastKnownFileType = sourcecode.swift; path = AppDelegate.swift; sourceTree = "<group>"; };
		18B058431F6FB4F100D3E306 /* Base */ = {isa = PBXFileReference; lastKnownFileType = file.storyboard; name = Base; path = Base.lproj/Main.storyboard; sourceTree = "<group>"; };
		18B058461F6FB4F100D3E306 /* ChuckNorrisJokes.xcdatamodel */ = {isa = PBXFileReference; lastKnownFileType = wrapper.xcdatamodel; path = ChuckNorrisJokes.xcdatamodel; sourceTree = "<group>"; };
		18B058481F6FB4F100D3E306 /* Assets.xcassets */ = {isa = PBXFileReference; lastKnownFileType = folder.assetcatalog; path = Assets.xcassets; sourceTree = "<group>"; };
		18B0584B1F6FB4F100D3E306 /* Base */ = {isa = PBXFileReference; lastKnownFileType = file.storyboard; name = Base; path = Base.lproj/LaunchScreen.storyboard; sourceTree = "<group>"; };
		18B0584D1F6FB4F100D3E306 /* Info.plist */ = {isa = PBXFileReference; lastKnownFileType = text.plist.xml; path = Info.plist; sourceTree = "<group>"; };
		18B058521F6FB4F100D3E306 /* ChuckNorrisJokesTests.xctest */ = {isa = PBXFileReference; explicitFileType = wrapper.cfbundle; includeInIndex = 0; path = ChuckNorrisJokesTests.xctest; sourceTree = BUILT_PRODUCTS_DIR; };
		18B058561F6FB4F100D3E306 /* ChuckNorrisJokesTests.swift */ = {isa = PBXFileReference; lastKnownFileType = sourcecode.swift; path = ChuckNorrisJokesTests.swift; sourceTree = "<group>"; };
		18B058581F6FB4F100D3E306 /* Info.plist */ = {isa = PBXFileReference; lastKnownFileType = text.plist.xml; path = Info.plist; sourceTree = "<group>"; };
		18B0585D1F6FB4F100D3E306 /* ChuckNorrisJokesUITests.xctest */ = {isa = PBXFileReference; explicitFileType = wrapper.cfbundle; includeInIndex = 0; path = ChuckNorrisJokesUITests.xctest; sourceTree = BUILT_PRODUCTS_DIR; };
		18B058611F6FB4F100D3E306 /* ChuckNorrisJokesUITests.swift */ = {isa = PBXFileReference; lastKnownFileType = sourcecode.swift; path = ChuckNorrisJokesUITests.swift; sourceTree = "<group>"; };
		18B058631F6FB4F100D3E306 /* Info.plist */ = {isa = PBXFileReference; lastKnownFileType = text.plist.xml; path = Info.plist; sourceTree = "<group>"; };
		18B058731F6FB75A00D3E306 /* CNJJokeTableViewCell.swift */ = {isa = PBXFileReference; fileEncoding = 4; lastKnownFileType = sourcecode.swift; path = CNJJokeTableViewCell.swift; sourceTree = "<group>"; };
		18B058751F6FB78700D3E306 /* CNJJokeTableViewController.swift */ = {isa = PBXFileReference; fileEncoding = 4; lastKnownFileType = sourcecode.swift; path = CNJJokeTableViewController.swift; sourceTree = "<group>"; };
		18C05BF41F74DBB8009804CF /* CNJJokeCreateViewController.swift */ = {isa = PBXFileReference; lastKnownFileType = sourcecode.swift; path = CNJJokeCreateViewController.swift; sourceTree = "<group>"; };
/* End PBXFileReference section */

/* Begin PBXFrameworksBuildPhase section */
		18B058381F6FB4F100D3E306 /* Frameworks */ = {
			isa = PBXFrameworksBuildPhase;
			buildActionMask = 2147483647;
			files = (
			);
			runOnlyForDeploymentPostprocessing = 0;
		};
		18B0584F1F6FB4F100D3E306 /* Frameworks */ = {
			isa = PBXFrameworksBuildPhase;
			buildActionMask = 2147483647;
			files = (
			);
			runOnlyForDeploymentPostprocessing = 0;
		};
		18B0585A1F6FB4F100D3E306 /* Frameworks */ = {
			isa = PBXFrameworksBuildPhase;
			buildActionMask = 2147483647;
			files = (
			);
			runOnlyForDeploymentPostprocessing = 0;
		};
/* End PBXFrameworksBuildPhase section */

/* Begin PBXGroup section */
		181549F21F737B6C0059E9F8 /* ManagedObject */ = {
			isa = PBXGroup;
			children = (
				181549EC1F7369F90059E9F8 /* CNJJokeManagedObject+CoreDataClass.swift */,
				181549ED1F7369F90059E9F8 /* CNJJokeManagedObject+CoreDataProperties.swift */,
			);
			path = ManagedObject;
			sourceTree = "<group>";
		};
		181549F31F737B940059E9F8 /* Controller */ = {
			isa = PBXGroup;
			children = (
				18B058751F6FB78700D3E306 /* CNJJokeTableViewController.swift */,
				181549F01F737B5E0059E9F8 /* CNJJokeDetailViewController.swift */,
				18C05BF41F74DBB8009804CF /* CNJJokeCreateViewController.swift */,
			);
			path = Controller;
			sourceTree = "<group>";
		};
		18B058321F6FB4F000D3E306 = {
			isa = PBXGroup;
			children = (
				18B0583D1F6FB4F100D3E306 /* ChuckNorrisJokes */,
				18B058551F6FB4F100D3E306 /* ChuckNorrisJokesTests */,
				18B058601F6FB4F100D3E306 /* ChuckNorrisJokesUITests */,
				18B0583C1F6FB4F100D3E306 /* Products */,
			);
			sourceTree = "<group>";
		};
		18B0583C1F6FB4F100D3E306 /* Products */ = {
			isa = PBXGroup;
			children = (
				18B0583B1F6FB4F100D3E306 /* ChuckNorrisJokes.app */,
				18B058521F6FB4F100D3E306 /* ChuckNorrisJokesTests.xctest */,
				18B0585D1F6FB4F100D3E306 /* ChuckNorrisJokesUITests.xctest */,
			);
			name = Products;
			sourceTree = "<group>";
		};
		18B0583D1F6FB4F100D3E306 /* ChuckNorrisJokes */ = {
			isa = PBXGroup;
			children = (
				18E575031F737BAF003723DF /* Cell */,
				181549F31F737B940059E9F8 /* Controller */,
				181549F21F737B6C0059E9F8 /* ManagedObject */,
				18B0583E1F6FB4F100D3E306 /* AppDelegate.swift */,
				18B058421F6FB4F100D3E306 /* Main.storyboard */,
				18B058481F6FB4F100D3E306 /* Assets.xcassets */,
				18B0584A1F6FB4F100D3E306 /* LaunchScreen.storyboard */,
				18B0584D1F6FB4F100D3E306 /* Info.plist */,
				18B058451F6FB4F100D3E306 /* ChuckNorrisJokes.xcdatamodeld */,
			);
			path = ChuckNorrisJokes;
			sourceTree = "<group>";
		};
		18B058551F6FB4F100D3E306 /* ChuckNorrisJokesTests */ = {
			isa = PBXGroup;
			children = (
				18B058561F6FB4F100D3E306 /* ChuckNorrisJokesTests.swift */,
				18B058581F6FB4F100D3E306 /* Info.plist */,
			);
			path = ChuckNorrisJokesTests;
			sourceTree = "<group>";
		};
		18B058601F6FB4F100D3E306 /* ChuckNorrisJokesUITests */ = {
			isa = PBXGroup;
			children = (
				18B058611F6FB4F100D3E306 /* ChuckNorrisJokesUITests.swift */,
				18B058631F6FB4F100D3E306 /* Info.plist */,
			);
			path = ChuckNorrisJokesUITests;
			sourceTree = "<group>";
		};
		18E575031F737BAF003723DF /* Cell */ = {
			isa = PBXGroup;
			children = (
				18B058731F6FB75A00D3E306 /* CNJJokeTableViewCell.swift */,
			);
			path = Cell;
			sourceTree = "<group>";
		};
/* End PBXGroup section */

/* Begin PBXNativeTarget section */
		18B0583A1F6FB4F100D3E306 /* ChuckNorrisJokes */ = {
			isa = PBXNativeTarget;
			buildConfigurationList = 18B058661F6FB4F100D3E306 /* Build configuration list for PBXNativeTarget "ChuckNorrisJokes" */;
			buildPhases = (
				18B058371F6FB4F100D3E306 /* Sources */,
				18B058381F6FB4F100D3E306 /* Frameworks */,
				18B058391F6FB4F100D3E306 /* Resources */,
			);
			buildRules = (
			);
			dependencies = (
			);
			name = ChuckNorrisJokes;
			productName = ChuckNorrisJokes;
			productReference = 18B0583B1F6FB4F100D3E306 /* ChuckNorrisJokes.app */;
			productType = "com.apple.product-type.application";
		};
		18B058511F6FB4F100D3E306 /* ChuckNorrisJokesTests */ = {
			isa = PBXNativeTarget;
			buildConfigurationList = 18B058691F6FB4F100D3E306 /* Build configuration list for PBXNativeTarget "ChuckNorrisJokesTests" */;
			buildPhases = (
				18B0584E1F6FB4F100D3E306 /* Sources */,
				18B0584F1F6FB4F100D3E306 /* Frameworks */,
				18B058501F6FB4F100D3E306 /* Resources */,
			);
			buildRules = (
			);
			dependencies = (
				18B058541F6FB4F100D3E306 /* PBXTargetDependency */,
			);
			name = ChuckNorrisJokesTests;
			productName = ChuckNorrisJokesTests;
			productReference = 18B058521F6FB4F100D3E306 /* ChuckNorrisJokesTests.xctest */;
			productType = "com.apple.product-type.bundle.unit-test";
		};
		18B0585C1F6FB4F100D3E306 /* ChuckNorrisJokesUITests */ = {
			isa = PBXNativeTarget;
			buildConfigurationList = 18B0586C1F6FB4F100D3E306 /* Build configuration list for PBXNativeTarget "ChuckNorrisJokesUITests" */;
			buildPhases = (
				18B058591F6FB4F100D3E306 /* Sources */,
				18B0585A1F6FB4F100D3E306 /* Frameworks */,
				18B0585B1F6FB4F100D3E306 /* Resources */,
			);
			buildRules = (
			);
			dependencies = (
				18B0585F1F6FB4F100D3E306 /* PBXTargetDependency */,
			);
			name = ChuckNorrisJokesUITests;
			productName = ChuckNorrisJokesUITests;
			productReference = 18B0585D1F6FB4F100D3E306 /* ChuckNorrisJokesUITests.xctest */;
			productType = "com.apple.product-type.bundle.ui-testing";
		};
/* End PBXNativeTarget section */

/* Begin PBXProject section */
		18B058331F6FB4F100D3E306 /* Project object */ = {
			isa = PBXProject;
			attributes = {
				CLASSPREFIX = CNJ;
				LastSwiftUpdateCheck = 0830;
				LastUpgradeCheck = 0900;
				ORGANIZATIONNAME = "Lorence Lim";
				TargetAttributes = {
					18B0583A1F6FB4F100D3E306 = {
						CreatedOnToolsVersion = 8.3.3;
						LastSwiftMigration = 0900;
						ProvisioningStyle = Automatic;
					};
					18B058511F6FB4F100D3E306 = {
						CreatedOnToolsVersion = 8.3.3;
						LastSwiftMigration = 0900;
						ProvisioningStyle = Automatic;
						TestTargetID = 18B0583A1F6FB4F100D3E306;
					};
					18B0585C1F6FB4F100D3E306 = {
						CreatedOnToolsVersion = 8.3.3;
						LastSwiftMigration = 0900;
						ProvisioningStyle = Automatic;
						TestTargetID = 18B0583A1F6FB4F100D3E306;
					};
				};
			};
			buildConfigurationList = 18B058361F6FB4F100D3E306 /* Build configuration list for PBXProject "ChuckNorrisJokes" */;
			compatibilityVersion = "Xcode 3.2";
			developmentRegion = English;
			hasScannedForEncodings = 0;
			knownRegions = (
				en,
				Base,
			);
			mainGroup = 18B058321F6FB4F000D3E306;
			productRefGroup = 18B0583C1F6FB4F100D3E306 /* Products */;
			projectDirPath = "";
			projectRoot = "";
			targets = (
				18B0583A1F6FB4F100D3E306 /* ChuckNorrisJokes */,
				18B058511F6FB4F100D3E306 /* ChuckNorrisJokesTests */,
				18B0585C1F6FB4F100D3E306 /* ChuckNorrisJokesUITests */,
			);
		};
/* End PBXProject section */

/* Begin PBXResourcesBuildPhase section */
		18B058391F6FB4F100D3E306 /* Resources */ = {
			isa = PBXResourcesBuildPhase;
			buildActionMask = 2147483647;
			files = (
				18B0584C1F6FB4F100D3E306 /* LaunchScreen.storyboard in Resources */,
				18B058491F6FB4F100D3E306 /* Assets.xcassets in Resources */,
				18B058441F6FB4F100D3E306 /* Main.storyboard in Resources */,
			);
			runOnlyForDeploymentPostprocessing = 0;
		};
		18B058501F6FB4F100D3E306 /* Resources */ = {
			isa = PBXResourcesBuildPhase;
			buildActionMask = 2147483647;
			files = (
			);
			runOnlyForDeploymentPostprocessing = 0;
		};
		18B0585B1F6FB4F100D3E306 /* Resources */ = {
			isa = PBXResourcesBuildPhase;
			buildActionMask = 2147483647;
			files = (
			);
			runOnlyForDeploymentPostprocessing = 0;
		};
/* End PBXResourcesBuildPhase section */

/* Begin PBXSourcesBuildPhase section */
		18B058371F6FB4F100D3E306 /* Sources */ = {
			isa = PBXSourcesBuildPhase;
			buildActionMask = 2147483647;
			files = (
				181549EF1F7369F90059E9F8 /* CNJJokeManagedObject+CoreDataProperties.swift in Sources */,
				18C05BF51F74DBB8009804CF /* CNJJokeCreateViewController.swift in Sources */,
				18B058761F6FB78700D3E306 /* CNJJokeTableViewController.swift in Sources */,
				181549F11F737B5E0059E9F8 /* CNJJokeDetailViewController.swift in Sources */,
				18B058741F6FB75A00D3E306 /* CNJJokeTableViewCell.swift in Sources */,
				18B058471F6FB4F100D3E306 /* ChuckNorrisJokes.xcdatamodeld in Sources */,
				181549EE1F7369F90059E9F8 /* CNJJokeManagedObject+CoreDataClass.swift in Sources */,
				18B0583F1F6FB4F100D3E306 /* AppDelegate.swift in Sources */,
			);
			runOnlyForDeploymentPostprocessing = 0;
		};
		18B0584E1F6FB4F100D3E306 /* Sources */ = {
			isa = PBXSourcesBuildPhase;
			buildActionMask = 2147483647;
			files = (
				18B058571F6FB4F100D3E306 /* ChuckNorrisJokesTests.swift in Sources */,
			);
			runOnlyForDeploymentPostprocessing = 0;
		};
		18B058591F6FB4F100D3E306 /* Sources */ = {
			isa = PBXSourcesBuildPhase;
			buildActionMask = 2147483647;
			files = (
				18B058621F6FB4F100D3E306 /* ChuckNorrisJokesUITests.swift in Sources */,
			);
			runOnlyForDeploymentPostprocessing = 0;
		};
/* End PBXSourcesBuildPhase section */

/* Begin PBXTargetDependency section */
		18B058541F6FB4F100D3E306 /* PBXTargetDependency */ = {
			isa = PBXTargetDependency;
			target = 18B0583A1F6FB4F100D3E306 /* ChuckNorrisJokes */;
			targetProxy = 18B058531F6FB4F100D3E306 /* PBXContainerItemProxy */;
		};
		18B0585F1F6FB4F100D3E306 /* PBXTargetDependency */ = {
			isa = PBXTargetDependency;
			target = 18B0583A1F6FB4F100D3E306 /* ChuckNorrisJokes */;
			targetProxy = 18B0585E1F6FB4F100D3E306 /* PBXContainerItemProxy */;
		};
/* End PBXTargetDependency section */

/* Begin PBXVariantGroup section */
		18B058421F6FB4F100D3E306 /* Main.storyboard */ = {
			isa = PBXVariantGroup;
			children = (
				18B058431F6FB4F100D3E306 /* Base */,
			);
			name = Main.storyboard;
			sourceTree = "<group>";
		};
		18B0584A1F6FB4F100D3E306 /* LaunchScreen.storyboard */ = {
			isa = PBXVariantGroup;
			children = (
				18B0584B1F6FB4F100D3E306 /* Base */,
			);
			name = LaunchScreen.storyboard;
			sourceTree = "<group>";
		};
/* End PBXVariantGroup section */

/* Begin XCBuildConfiguration section */
		18B058641F6FB4F100D3E306 /* Debug */ = {
			isa = XCBuildConfiguration;
			buildSettings = {
				ALWAYS_SEARCH_USER_PATHS = NO;
				CLANG_ANALYZER_NONNULL = YES;
				CLANG_ANALYZER_NUMBER_OBJECT_CONVERSION = YES_AGGRESSIVE;
				CLANG_CXX_LANGUAGE_STANDARD = "gnu++0x";
				CLANG_CXX_LIBRARY = "libc++";
				CLANG_ENABLE_MODULES = YES;
				CLANG_ENABLE_OBJC_ARC = YES;
				CLANG_WARN_BLOCK_CAPTURE_AUTORELEASING = YES;
				CLANG_WARN_BOOL_CONVERSION = YES;
				CLANG_WARN_COMMA = YES;
				CLANG_WARN_CONSTANT_CONVERSION = YES;
				CLANG_WARN_DIRECT_OBJC_ISA_USAGE = YES_ERROR;
				CLANG_WARN_DOCUMENTATION_COMMENTS = YES;
				CLANG_WARN_EMPTY_BODY = YES;
				CLANG_WARN_ENUM_CONVERSION = YES;
				CLANG_WARN_INFINITE_RECURSION = YES;
				CLANG_WARN_INT_CONVERSION = YES;
				CLANG_WARN_NON_LITERAL_NULL_CONVERSION = YES;
				CLANG_WARN_OBJC_LITERAL_CONVERSION = YES;
				CLANG_WARN_OBJC_ROOT_CLASS = YES_ERROR;
				CLANG_WARN_RANGE_LOOP_ANALYSIS = YES;
				CLANG_WARN_STRICT_PROTOTYPES = YES;
				CLANG_WARN_SUSPICIOUS_MOVE = YES;
				CLANG_WARN_UNREACHABLE_CODE = YES;
				CLANG_WARN__DUPLICATE_METHOD_MATCH = YES;
				"CODE_SIGN_IDENTITY[sdk=iphoneos*]" = "iPhone Developer";
				COPY_PHASE_STRIP = NO;
				DEBUG_INFORMATION_FORMAT = dwarf;
				ENABLE_STRICT_OBJC_MSGSEND = YES;
				ENABLE_TESTABILITY = YES;
				GCC_C_LANGUAGE_STANDARD = gnu99;
				GCC_DYNAMIC_NO_PIC = NO;
				GCC_NO_COMMON_BLOCKS = YES;
				GCC_OPTIMIZATION_LEVEL = 0;
				GCC_PREPROCESSOR_DEFINITIONS = (
					"DEBUG=1",
					"$(inherited)",
				);
				GCC_WARN_64_TO_32_BIT_CONVERSION = YES;
				GCC_WARN_ABOUT_RETURN_TYPE = YES_ERROR;
				GCC_WARN_UNDECLARED_SELECTOR = YES;
				GCC_WARN_UNINITIALIZED_AUTOS = YES_AGGRESSIVE;
				GCC_WARN_UNUSED_FUNCTION = YES;
				GCC_WARN_UNUSED_VARIABLE = YES;
				IPHONEOS_DEPLOYMENT_TARGET = 10.3;
				MTL_ENABLE_DEBUG_INFO = YES;
				ONLY_ACTIVE_ARCH = YES;
				SDKROOT = iphoneos;
				SWIFT_ACTIVE_COMPILATION_CONDITIONS = DEBUG;
				SWIFT_OPTIMIZATION_LEVEL = "-Onone";
				TARGETED_DEVICE_FAMILY = "1,2";
			};
			name = Debug;
		};
		18B058651F6FB4F100D3E306 /* Release */ = {
			isa = XCBuildConfiguration;
			buildSettings = {
				ALWAYS_SEARCH_USER_PATHS = NO;
				CLANG_ANALYZER_NONNULL = YES;
				CLANG_ANALYZER_NUMBER_OBJECT_CONVERSION = YES_AGGRESSIVE;
				CLANG_CXX_LANGUAGE_STANDARD = "gnu++0x";
				CLANG_CXX_LIBRARY = "libc++";
				CLANG_ENABLE_MODULES = YES;
				CLANG_ENABLE_OBJC_ARC = YES;
				CLANG_WARN_BLOCK_CAPTURE_AUTORELEASING = YES;
				CLANG_WARN_BOOL_CONVERSION = YES;
				CLANG_WARN_COMMA = YES;
				CLANG_WARN_CONSTANT_CONVERSION = YES;
				CLANG_WARN_DIRECT_OBJC_ISA_USAGE = YES_ERROR;
				CLANG_WARN_DOCUMENTATION_COMMENTS = YES;
				CLANG_WARN_EMPTY_BODY = YES;
				CLANG_WARN_ENUM_CONVERSION = YES;
				CLANG_WARN_INFINITE_RECURSION = YES;
				CLANG_WARN_INT_CONVERSION = YES;
				CLANG_WARN_NON_LITERAL_NULL_CONVERSION = YES;
				CLANG_WARN_OBJC_LITERAL_CONVERSION = YES;
				CLANG_WARN_OBJC_ROOT_CLASS = YES_ERROR;
				CLANG_WARN_RANGE_LOOP_ANALYSIS = YES;
				CLANG_WARN_STRICT_PROTOTYPES = YES;
				CLANG_WARN_SUSPICIOUS_MOVE = YES;
				CLANG_WARN_UNREACHABLE_CODE = YES;
				CLANG_WARN__DUPLICATE_METHOD_MATCH = YES;
				"CODE_SIGN_IDENTITY[sdk=iphoneos*]" = "iPhone Developer";
				COPY_PHASE_STRIP = NO;
				DEBUG_INFORMATION_FORMAT = "dwarf-with-dsym";
				ENABLE_NS_ASSERTIONS = NO;
				ENABLE_STRICT_OBJC_MSGSEND = YES;
				GCC_C_LANGUAGE_STANDARD = gnu99;
				GCC_NO_COMMON_BLOCKS = YES;
				GCC_WARN_64_TO_32_BIT_CONVERSION = YES;
				GCC_WARN_ABOUT_RETURN_TYPE = YES_ERROR;
				GCC_WARN_UNDECLARED_SELECTOR = YES;
				GCC_WARN_UNINITIALIZED_AUTOS = YES_AGGRESSIVE;
				GCC_WARN_UNUSED_FUNCTION = YES;
				GCC_WARN_UNUSED_VARIABLE = YES;
				IPHONEOS_DEPLOYMENT_TARGET = 10.3;
				MTL_ENABLE_DEBUG_INFO = NO;
				SDKROOT = iphoneos;
				SWIFT_OPTIMIZATION_LEVEL = "-Owholemodule";
				TARGETED_DEVICE_FAMILY = "1,2";
				VALIDATE_PRODUCT = YES;
			};
			name = Release;
		};
		18B058671F6FB4F100D3E306 /* Debug */ = {
			isa = XCBuildConfiguration;
			buildSettings = {
				ASSETCATALOG_COMPILER_APPICON_NAME = AppIcon;
				INFOPLIST_FILE = ChuckNorrisJokes/Info.plist;
				LD_RUNPATH_SEARCH_PATHS = "$(inherited) @executable_path/Frameworks";
				PRODUCT_BUNDLE_IDENTIFIER = jlorencelim.ChuckNorrisJokes;
				PRODUCT_NAME = "$(TARGET_NAME)";
				SWIFT_SWIFT3_OBJC_INFERENCE = Default;
				SWIFT_VERSION = 4.0;
			};
			name = Debug;
		};
		18B058681F6FB4F100D3E306 /* Release */ = {
			isa = XCBuildConfiguration;
			buildSettings = {
				ASSETCATALOG_COMPILER_APPICON_NAME = AppIcon;
				INFOPLIST_FILE = ChuckNorrisJokes/Info.plist;
				LD_RUNPATH_SEARCH_PATHS = "$(inherited) @executable_path/Frameworks";
				PRODUCT_BUNDLE_IDENTIFIER = jlorencelim.ChuckNorrisJokes;
				PRODUCT_NAME = "$(TARGET_NAME)";
				SWIFT_SWIFT3_OBJC_INFERENCE = Default;
				SWIFT_VERSION = 4.0;
			};
			name = Release;
		};
		18B0586A1F6FB4F100D3E306 /* Debug */ = {
			isa = XCBuildConfiguration;
			buildSettings = {
				ALWAYS_EMBED_SWIFT_STANDARD_LIBRARIES = YES;
				BUNDLE_LOADER = "$(TEST_HOST)";
				INFOPLIST_FILE = ChuckNorrisJokesTests/Info.plist;
				LD_RUNPATH_SEARCH_PATHS = "$(inherited) @executable_path/Frameworks @loader_path/Frameworks";
				PRODUCT_BUNDLE_IDENTIFIER = jlorencelim.ChuckNorrisJokesTests;
				PRODUCT_NAME = "$(TARGET_NAME)";
				SWIFT_SWIFT3_OBJC_INFERENCE = On;
				SWIFT_VERSION = 4.0;
				TEST_HOST = "$(BUILT_PRODUCTS_DIR)/ChuckNorrisJokes.app/ChuckNorrisJokes";
			};
			name = Debug;
		};
		18B0586B1F6FB4F100D3E306 /* Release */ = {
			isa = XCBuildConfiguration;
			buildSettings = {
				ALWAYS_EMBED_SWIFT_STANDARD_LIBRARIES = YES;
				BUNDLE_LOADER = "$(TEST_HOST)";
				INFOPLIST_FILE = ChuckNorrisJokesTests/Info.plist;
				LD_RUNPATH_SEARCH_PATHS = "$(inherited) @executable_path/Frameworks @loader_path/Frameworks";
				PRODUCT_BUNDLE_IDENTIFIER = jlorencelim.ChuckNorrisJokesTests;
				PRODUCT_NAME = "$(TARGET_NAME)";
				SWIFT_SWIFT3_OBJC_INFERENCE = On;
				SWIFT_VERSION = 4.0;
				TEST_HOST = "$(BUILT_PRODUCTS_DIR)/ChuckNorrisJokes.app/ChuckNorrisJokes";
			};
			name = Release;
		};
		18B0586D1F6FB4F100D3E306 /* Debug */ = {
			isa = XCBuildConfiguration;
			buildSettings = {
				ALWAYS_EMBED_SWIFT_STANDARD_LIBRARIES = YES;
				INFOPLIST_FILE = ChuckNorrisJokesUITests/Info.plist;
				LD_RUNPATH_SEARCH_PATHS = "$(inherited) @executable_path/Frameworks @loader_path/Frameworks";
				PRODUCT_BUNDLE_IDENTIFIER = jlorencelim.ChuckNorrisJokesUITests;
				PRODUCT_NAME = "$(TARGET_NAME)";
				SWIFT_SWIFT3_OBJC_INFERENCE = On;
				SWIFT_VERSION = 4.0;
				TEST_TARGET_NAME = ChuckNorrisJokes;
			};
			name = Debug;
		};
		18B0586E1F6FB4F100D3E306 /* Release */ = {
			isa = XCBuildConfiguration;
			buildSettings = {
				ALWAYS_EMBED_SWIFT_STANDARD_LIBRARIES = YES;
				INFOPLIST_FILE = ChuckNorrisJokesUITests/Info.plist;
				LD_RUNPATH_SEARCH_PATHS = "$(inherited) @executable_path/Frameworks @loader_path/Frameworks";
				PRODUCT_BUNDLE_IDENTIFIER = jlorencelim.ChuckNorrisJokesUITests;
				PRODUCT_NAME = "$(TARGET_NAME)";
				SWIFT_SWIFT3_OBJC_INFERENCE = On;
				SWIFT_VERSION = 4.0;
				TEST_TARGET_NAME = ChuckNorrisJokes;
			};
			name = Release;
		};
/* End XCBuildConfiguration section */

/* Begin XCConfigurationList section */
		18B058361F6FB4F100D3E306 /* Build configuration list for PBXProject "ChuckNorrisJokes" */ = {
			isa = XCConfigurationList;
			buildConfigurations = (
				18B058641F6FB4F100D3E306 /* Debug */,
				18B058651F6FB4F100D3E306 /* Release */,
			);
			defaultConfigurationIsVisible = 0;
			defaultConfigurationName = Release;
		};
		18B058661F6FB4F100D3E306 /* Build configuration list for PBXNativeTarget "ChuckNorrisJokes" */ = {
			isa = XCConfigurationList;
			buildConfigurations = (
				18B058671F6FB4F100D3E306 /* Debug */,
				18B058681F6FB4F100D3E306 /* Release */,
			);
			defaultConfigurationIsVisible = 0;
			defaultConfigurationName = Release;
		};
		18B058691F6FB4F100D3E306 /* Build configuration list for PBXNativeTarget "ChuckNorrisJokesTests" */ = {
			isa = XCConfigurationList;
			buildConfigurations = (
				18B0586A1F6FB4F100D3E306 /* Debug */,
				18B0586B1F6FB4F100D3E306 /* Release */,
			);
			defaultConfigurationIsVisible = 0;
			defaultConfigurationName = Release;
		};
		18B0586C1F6FB4F100D3E306 /* Build configuration list for PBXNativeTarget "ChuckNorrisJokesUITests" */ = {
			isa = XCConfigurationList;
			buildConfigurations = (
				18B0586D1F6FB4F100D3E306 /* Debug */,
				18B0586E1F6FB4F100D3E306 /* Release */,
			);
			defaultConfigurationIsVisible = 0;
			defaultConfigurationName = Release;
		};
/* End XCConfigurationList section */

/* Begin XCVersionGroup section */
		18B058451F6FB4F100D3E306 /* ChuckNorrisJokes.xcdatamodeld */ = {
			isa = XCVersionGroup;
			children = (
				18B058461F6FB4F100D3E306 /* ChuckNorrisJokes.xcdatamodel */,
			);
			currentVersion = 18B058461F6FB4F100D3E306 /* ChuckNorrisJokes.xcdatamodel */;
			path = ChuckNorrisJokes.xcdatamodeld;
			sourceTree = "<group>";
			versionGroupType = wrapper.xcdatamodel;
		};
/* End XCVersionGroup section */
	};
	rootObject = 18B058331F6FB4F100D3E306 /* Project object */;
}
